
Microsoft Visual Studio Solution File, Format Version 12.00
# Visual Studio Version 17
VisualStudioVersion = 17.9.34723.18
MinimumVisualStudioVersion = 10.0.40219.1
Project("{FAE04EC0-301F-11D3-BF4B-00C04F79EFBC}") = "ContractProcessing", "ContractProcessing\ContractProcessing.csproj", "{798B44B0-C44A-4E24-AC57-28D1E81C057A}"
EndProject
Global
	GlobalSection(SolutionConfigurationPlatforms) = preSolution
		Debug|Any CPU = Debug|Any CPU
		Release|Any CPU = Release|Any CPU
	EndGlobalSection
	GlobalSection(ProjectConfigurationPlatforms) = postSolution
		{798B44B0-C44A-4E24-AC57-28D1E81C057A}.Debug|Any CPU.ActiveCfg = Debug|Any CPU
		{798B44B0-C44A-4E24-AC57-28D1E81C057A}.Debug|Any CPU.Build.0 = Debug|Any CPU
		{798B44B0-C44A-4E24-AC57-28D1E81C057A}.Release|Any CPU.ActiveCfg = Release|Any CPU
		{798B44B0-C44A-4E24-AC57-28D1E81C057A}.Release|Any CPU.Build.0 = Release|Any CPU
	EndGlobalSection
	GlobalSection(SolutionProperties) = preSolution
		HideSolutionNode = FALSE
	EndGlobalSection
	GlobalSection(ExtensibilityGlobals) = postSolution
		SolutionGuid = {CFFDF798-AF15-4B9D-B299-B0C551901FF8}
	EndGlobalSection
EndGlobal
